
Microsoft Visual Studio Solution File, Format Version 12.00
Project("{FAE04EC0-301F-11D3-BF4B-00C04F79EFBC}") = "AudioPlayer", "AudioPlayer\AudioPlayer.csproj", "{A3C800A1-5234-44D1-AD70-A475922EFB98}"
EndProject
Global
	GlobalSection(SolutionConfigurationPlatforms) = preSolution
		Debug|Any CPU = Debug|Any CPU
		Release|Any CPU = Release|Any CPU
	EndGlobalSection
	GlobalSection(ProjectConfigurationPlatforms) = postSolution
		{A3C800A1-5234-44D1-AD70-A475922EFB98}.Debug|Any CPU.ActiveCfg = Debug|Any CPU
		{A3C800A1-5234-44D1-AD70-A475922EFB98}.Debug|Any CPU.Build.0 = Debug|Any CPU
		{A3C800A1-5234-44D1-AD70-A475922EFB98}.Release|Any CPU.ActiveCfg = Release|Any CPU
		{A3C800A1-5234-44D1-AD70-A475922EFB98}.Release|Any CPU.Build.0 = Release|Any CPU
	EndGlobalSection
EndGlobal
